
Microsoft Visual Studio Solution File, Format Version 12.00
# Visual Studio Version 16
VisualStudioVersion = 16.0.31624.102
MinimumVisualStudioVersion = 10.0.40219.1
Project("{FAE04EC0-301F-11D3-BF4B-00C04F79EFBC}") = "BAI_1.1_LamQuenVoiCSharp", "BAI_1.1_LamQuenVoiCSharp\BAI_1.1_LamQuenVoiCSharp.csproj", "{9BC13181-8E65-454C-805E-6DEDB77D0119}"
EndProject
Project("{9A19103F-16F7-4668-BE54-9A1E7A4F7556}") = "BAI_1.2_BienLaGi", "BAI_1.2_BienLaGi\BAI_1.2_BienLaGi.csproj", "{0C29EFB4-A727-4185-A218-549617165B23}"
EndProject
Project("{FAE04EC0-301F-11D3-BF4B-00C04F79EFBC}") = "Bai_1.3_NhapXuatTuBanPhim", "Bai_1.3_NhapXuatTuBanPhim\Bai_1.3_NhapXuatTuBanPhim.csproj", "{C17B8810-9175-4D01-BD31-04352F775DBB}"
EndProject
Project("{9A19103F-16F7-4668-BE54-9A1E7A4F7556}") = "Bai_1.4_EpKieu", "Bai_1.4_EpKieu\Bai_1.4_EpKieu.csproj", "{06D0746D-4018-43F7-BA7B-6627962E7D2E}"
EndProject
Project("{9A19103F-16F7-4668-BE54-9A1E7A4F7556}") = "Bai_1.5_ToanTu", "Bai_1.5_ToanTu\Bai_1.5_ToanTu.csproj", "{B7C8E593-679C-4668-9CD5-1338E4B88971}"
EndProject
Project("{9A19103F-16F7-4668-BE54-9A1E7A4F7556}") = "Bai_1.6_CauLenh_IF", "Bai_1.6_CauLenh_IF\Bai_1.6_CauLenh_IF.csproj", "{724E1BEF-2E92-4C91-A3CE-148000A5A2CA}"
EndProject
Project("{9A19103F-16F7-4668-BE54-9A1E7A4F7556}") = "Bai_1.7_CauLenh_Else", "Bai_1.7_CauLenh_Else\Bai_1.7_CauLenh_Else.csproj", "{89B133C5-5983-455C-BDB8-2C81B05FFDE5}"
EndProject
Project("{FAE04EC0-301F-11D3-BF4B-00C04F79EFBC}") = "Bai_1.8_CauLenh_Else_If", "Bai_1.8_CauLenh_Else_If\Bai_1.8_CauLenh_Else_If.csproj", "{7DC92C1A-BB35-4F79-8EA6-F540D705EC40}"
EndProject
Project("{FAE04EC0-301F-11D3-BF4B-00C04F79EFBC}") = "Bai_1.9_ToanTuBaNgoi", "Bai_1.9_ToanTuBaNgoi\Bai_1.9_ToanTuBaNgoi.csproj", "{DF9E1076-2B27-480D-AA7B-DDAF55432A82}"
EndProject
Project("{9A19103F-16F7-4668-BE54-9A1E7A4F7556}") = "Bai_2.0_CauLenh_Switch_Case", "Bai_2.0_CauLenh_Switch_Case\Bai_2.0_CauLenh_Switch_Case.csproj", "{A2F9A76F-D0FF-4BAB-B6AD-AE6D9A8EDB03}"
EndProject
Project("{9A19103F-16F7-4668-BE54-9A1E7A4F7556}") = "Bai_2.1_VongLap", "Bai_2.1_VongLap\Bai_2.1_VongLap.csproj", "{87D07813-3341-4F86-BBC8-13819DEB433C}"
EndProject
Project("{9A19103F-16F7-4668-BE54-9A1E7A4F7556}") = "Bai_2.2_Array", "Bai_2.1_Array\Bai_2.2_Array.csproj", "{96674C0B-6A03-4BBF-900E-FD0BA79B3C03}"
EndProject
Project("{9A19103F-16F7-4668-BE54-9A1E7A4F7556}") = "BAI_TAP_LAB_1_2_3", "BAI_TAP_LAB_1_2_3\BAI_TAP_LAB_1_2_3.csproj", "{B21AA9A9-748B-4657-973D-CA74A526B8CA}"
EndProject
Project("{9A19103F-16F7-4668-BE54-9A1E7A4F7556}") = "BAI_TAP_MAU_ARRAY", "BAI_TAP_MAU_ARRAY\BAI_TAP_MAU_ARRAY.csproj", "{8544E60D-CC64-4ABB-890D-783D57EC6EA1}"
EndProject
Project("{9A19103F-16F7-4668-BE54-9A1E7A4F7556}") = "Bai_2.3_ArrayThuatToanNoiBot", "Bai_2.3_ArrayThuatToanNoiBot\Bai_2.3_ArrayThuatToanNoiBot.csproj", "{0CE76751-6A8C-447A-82EA-EAD0515A0CC7}"
EndProject
Project("{9A19103F-16F7-4668-BE54-9A1E7A4F7556}") = "Bai_2.4_ArrayList", "Bai_2.8_ArrayList\Bai_2.4_ArrayList.csproj", "{B7FFE9FC-CB8A-4118-9F89-A35C0022691C}"
EndProject
Project("{9A19103F-16F7-4668-BE54-9A1E7A4F7556}") = "Bai_2.5_List", "Bai_2.5_List\Bai_2.5_List.csproj", "{B22C73CD-82D5-4748-B496-D816E9FDA479}"
EndProject
Project("{9A19103F-16F7-4668-BE54-9A1E7A4F7556}") = "BAI_TAP_MAU_LIST_ARRAYLIST", "BAI_TAP_MAU_LIST_ARRAYLIST\BAI_TAP_MAU_LIST_ARRAYLIST.csproj", "{025FC78B-1699-4EBF-8F5B-150D78C587EA}"
EndProject
Project("{9A19103F-16F7-4668-BE54-9A1E7A4F7556}") = "Bai_2.6_OOP_LapTrinhHuongDoiTuong", "Bai_2.6_OOP_LapTrinhHuongDoiTuong\Bai_2.6_OOP_LapTrinhHuongDoiTuong.csproj", "{72EEE29D-B09A-464D-8B78-3841735FCDF5}"
EndProject
Project("{9A19103F-16F7-4668-BE54-9A1E7A4F7556}") = "BAI_TAP_CHUA_LAB123", "BAI_TAP_CHUA_LAB123\BAI_TAP_CHUA_LAB123.csproj", "{B63D6ADF-1B94-4CF5-AE79-168B599733B0}"
EndProject
Project("{9A19103F-16F7-4668-BE54-9A1E7A4F7556}") = "Bai_2.7_OOP_MangDoiTuong", "Bai_2.7_OOP_MangDoiTuong\Bai_2.7_OOP_MangDoiTuong.csproj", "{FE565E9F-03ED-4AE0-BA99-F0141075D469}"
EndProject
Project("{9A19103F-16F7-4668-BE54-9A1E7A4F7556}") = "Bai_2.8_OOP_ListDoiTuong", "Bai_2.8_OOP_ListDoiTuong\Bai_2.8_OOP_ListDoiTuong.csproj", "{C61DD027-5B63-4821-A43D-47F0849EEC36}"
EndProject
Project("{9A19103F-16F7-4668-BE54-9A1E7A4F7556}") = "Bai_2_9_Method_PhuongThuc", "Bai_2_9_Method_PhuongThuc\Bai_2_9_Method_PhuongThuc.csproj", "{53A4F163-FA5A-4570-9938-C6E1C630E0B9}"
EndProject
Project("{9A19103F-16F7-4668-BE54-9A1E7A4F7556}") = "Bai_3_0_OOP_TinhKeThua", "Bai_3_0_OOP_TinhKeThua\Bai_3_0_OOP_TinhKeThua.csproj", "{01F3661B-118E-49E2-92DB-209B5A4C4821}"
EndProject
Project("{FAE04EC0-301F-11D3-BF4B-00C04F79EFBC}") = "Bai_3_1_XuLyChuoi", "Bai_3.1_XuLyChuoi\Bai_3_1_XuLyChuoi.csproj", "{4FADC7BD-0073-4BBB-9C70-BB26D0DF8A05}"
EndProject
Global
	GlobalSection(SolutionConfigurationPlatforms) = preSolution
		Debug|Any CPU = Debug|Any CPU
		Release|Any CPU = Release|Any CPU
	EndGlobalSection
	GlobalSection(ProjectConfigurationPlatforms) = postSolution
		{9BC13181-8E65-454C-805E-6DEDB77D0119}.Debug|Any CPU.ActiveCfg = Debug|Any CPU
		{9BC13181-8E65-454C-805E-6DEDB77D0119}.Debug|Any CPU.Build.0 = Debug|Any CPU
		{9BC13181-8E65-454C-805E-6DEDB77D0119}.Release|Any CPU.ActiveCfg = Release|Any CPU
		{9BC13181-8E65-454C-805E-6DEDB77D0119}.Release|Any CPU.Build.0 = Release|Any CPU
		{0C29EFB4-A727-4185-A218-549617165B23}.Debug|Any CPU.ActiveCfg = Debug|Any CPU
		{0C29EFB4-A727-4185-A218-549617165B23}.Debug|Any CPU.Build.0 = Debug|Any CPU
		{0C29EFB4-A727-4185-A218-549617165B23}.Release|Any CPU.ActiveCfg = Release|Any CPU
		{0C29EFB4-A727-4185-A218-549617165B23}.Release|Any CPU.Build.0 = Release|Any CPU
		{C17B8810-9175-4D01-BD31-04352F775DBB}.Debug|Any CPU.ActiveCfg = Debug|Any CPU
		{C17B8810-9175-4D01-BD31-04352F775DBB}.Debug|Any CPU.Build.0 = Debug|Any CPU
		{C17B8810-9175-4D01-BD31-04352F775DBB}.Release|Any CPU.ActiveCfg = Release|Any CPU
		{C17B8810-9175-4D01-BD31-04352F775DBB}.Release|Any CPU.Build.0 = Release|Any CPU
		{06D0746D-4018-43F7-BA7B-6627962E7D2E}.Debug|Any CPU.ActiveCfg = Debug|Any CPU
		{06D0746D-4018-43F7-BA7B-6627962E7D2E}.Debug|Any CPU.Build.0 = Debug|Any CPU
		{06D0746D-4018-43F7-BA7B-6627962E7D2E}.Release|Any CPU.ActiveCfg = Release|Any CPU
		{06D0746D-4018-43F7-BA7B-6627962E7D2E}.Release|Any CPU.Build.0 = Release|Any CPU
		{B7C8E593-679C-4668-9CD5-1338E4B88971}.Debug|Any CPU.ActiveCfg = Debug|Any CPU
		{B7C8E593-679C-4668-9CD5-1338E4B88971}.Debug|Any CPU.Build.0 = Debug|Any CPU
		{B7C8E593-679C-4668-9CD5-1338E4B88971}.Release|Any CPU.ActiveCfg = Release|Any CPU
		{B7C8E593-679C-4668-9CD5-1338E4B88971}.Release|Any CPU.Build.0 = Release|Any CPU
		{724E1BEF-2E92-4C91-A3CE-148000A5A2CA}.Debug|Any CPU.ActiveCfg = Debug|Any CPU
		{724E1BEF-2E92-4C91-A3CE-148000A5A2CA}.Debug|Any CPU.Build.0 = Debug|Any CPU
		{724E1BEF-2E92-4C91-A3CE-148000A5A2CA}.Release|Any CPU.ActiveCfg = Release|Any CPU
		{724E1BEF-2E92-4C91-A3CE-148000A5A2CA}.Release|Any CPU.Build.0 = Release|Any CPU
		{89B133C5-5983-455C-BDB8-2C81B05FFDE5}.Debug|Any CPU.ActiveCfg = Debug|Any CPU
		{89B133C5-5983-455C-BDB8-2C81B05FFDE5}.Debug|Any CPU.Build.0 = Debug|Any CPU
		{89B133C5-5983-455C-BDB8-2C81B05FFDE5}.Release|Any CPU.ActiveCfg = Release|Any CPU
		{89B133C5-5983-455C-BDB8-2C81B05FFDE5}.Release|Any CPU.Build.0 = Release|Any CPU
		{7DC92C1A-BB35-4F79-8EA6-F540D705EC40}.Debug|Any CPU.ActiveCfg = Debug|Any CPU
		{7DC92C1A-BB35-4F79-8EA6-F540D705EC40}.Debug|Any CPU.Build.0 = Debug|Any CPU
		{7DC92C1A-BB35-4F79-8EA6-F540D705EC40}.Release|Any CPU.ActiveCfg = Release|Any CPU
		{7DC92C1A-BB35-4F79-8EA6-F540D705EC40}.Release|Any CPU.Build.0 = Release|Any CPU
		{DF9E1076-2B27-480D-AA7B-DDAF55432A82}.Debug|Any CPU.ActiveCfg = Debug|Any CPU
		{DF9E1076-2B27-480D-AA7B-DDAF55432A82}.Debug|Any CPU.Build.0 = Debug|Any CPU
		{DF9E1076-2B27-480D-AA7B-DDAF55432A82}.Release|Any CPU.ActiveCfg = Release|Any CPU
		{DF9E1076-2B27-480D-AA7B-DDAF55432A82}.Release|Any CPU.Build.0 = Release|Any CPU
		{A2F9A76F-D0FF-4BAB-B6AD-AE6D9A8EDB03}.Debug|Any CPU.ActiveCfg = Debug|Any CPU
		{A2F9A76F-D0FF-4BAB-B6AD-AE6D9A8EDB03}.Debug|Any CPU.Build.0 = Debug|Any CPU
		{A2F9A76F-D0FF-4BAB-B6AD-AE6D9A8EDB03}.Release|Any CPU.ActiveCfg = Release|Any CPU
		{A2F9A76F-D0FF-4BAB-B6AD-AE6D9A8EDB03}.Release|Any CPU.Build.0 = Release|Any CPU
		{87D07813-3341-4F86-BBC8-13819DEB433C}.Debug|Any CPU.ActiveCfg = Debug|Any CPU
		{87D07813-3341-4F86-BBC8-13819DEB433C}.Debug|Any CPU.Build.0 = Debug|Any CPU
		{87D07813-3341-4F86-BBC8-13819DEB433C}.Release|Any CPU.ActiveCfg = Release|Any CPU
		{87D07813-3341-4F86-BBC8-13819DEB433C}.Release|Any CPU.Build.0 = Release|Any CPU
		{96674C0B-6A03-4BBF-900E-FD0BA79B3C03}.Debug|Any CPU.ActiveCfg = Debug|Any CPU
		{96674C0B-6A03-4BBF-900E-FD0BA79B3C03}.Debug|Any CPU.Build.0 = Debug|Any CPU
		{96674C0B-6A03-4BBF-900E-FD0BA79B3C03}.Release|Any CPU.ActiveCfg = Release|Any CPU
		{96674C0B-6A03-4BBF-900E-FD0BA79B3C03}.Release|Any CPU.Build.0 = Release|Any CPU
		{B21AA9A9-748B-4657-973D-CA74A526B8CA}.Debug|Any CPU.ActiveCfg = Debug|Any CPU
		{B21AA9A9-748B-4657-973D-CA74A526B8CA}.Debug|Any CPU.Build.0 = Debug|Any CPU
		{B21AA9A9-748B-4657-973D-CA74A526B8CA}.Release|Any CPU.ActiveCfg = Release|Any CPU
		{B21AA9A9-748B-4657-973D-CA74A526B8CA}.Release|Any CPU.Build.0 = Release|Any CPU
		{8544E60D-CC64-4ABB-890D-783D57EC6EA1}.Debug|Any CPU.ActiveCfg = Debug|Any CPU
		{8544E60D-CC64-4ABB-890D-783D57EC6EA1}.Debug|Any CPU.Build.0 = Debug|Any CPU
		{8544E60D-CC64-4ABB-890D-783D57EC6EA1}.Release|Any CPU.ActiveCfg = Release|Any CPU
		{8544E60D-CC64-4ABB-890D-783D57EC6EA1}.Release|Any CPU.Build.0 = Release|Any CPU
		{0CE76751-6A8C-447A-82EA-EAD0515A0CC7}.Debug|Any CPU.ActiveCfg = Debug|Any CPU
		{0CE76751-6A8C-447A-82EA-EAD0515A0CC7}.Debug|Any CPU.Build.0 = Debug|Any CPU
		{0CE76751-6A8C-447A-82EA-EAD0515A0CC7}.Release|Any CPU.ActiveCfg = Release|Any CPU
		{0CE76751-6A8C-447A-82EA-EAD0515A0CC7}.Release|Any CPU.Build.0 = Release|Any CPU
		{B7FFE9FC-CB8A-4118-9F89-A35C0022691C}.Debug|Any CPU.ActiveCfg = Debug|Any CPU
		{B7FFE9FC-CB8A-4118-9F89-A35C0022691C}.Debug|Any CPU.Build.0 = Debug|Any CPU
		{B7FFE9FC-CB8A-4118-9F89-A35C0022691C}.Release|Any CPU.ActiveCfg = Release|Any CPU
		{B7FFE9FC-CB8A-4118-9F89-A35C0022691C}.Release|Any CPU.Build.0 = Release|Any CPU
		{B22C73CD-82D5-4748-B496-D816E9FDA479}.Debug|Any CPU.ActiveCfg = Debug|Any CPU
		{B22C73CD-82D5-4748-B496-D816E9FDA479}.Debug|Any CPU.Build.0 = Debug|Any CPU
		{B22C73CD-82D5-4748-B496-D816E9FDA479}.Release|Any CPU.ActiveCfg = Release|Any CPU
		{B22C73CD-82D5-4748-B496-D816E9FDA479}.Release|Any CPU.Build.0 = Release|Any CPU
		{025FC78B-1699-4EBF-8F5B-150D78C587EA}.Debug|Any CPU.ActiveCfg = Debug|Any CPU
		{025FC78B-1699-4EBF-8F5B-150D78C587EA}.Debug|Any CPU.Build.0 = Debug|Any CPU
		{025FC78B-1699-4EBF-8F5B-150D78C587EA}.Release|Any CPU.ActiveCfg = Release|Any CPU
		{025FC78B-1699-4EBF-8F5B-150D78C587EA}.Release|Any CPU.Build.0 = Release|Any CPU
		{72EEE29D-B09A-464D-8B78-3841735FCDF5}.Debug|Any CPU.ActiveCfg = Debug|Any CPU
		{72EEE29D-B09A-464D-8B78-3841735FCDF5}.Debug|Any CPU.Build.0 = Debug|Any CPU
		{72EEE29D-B09A-464D-8B78-3841735FCDF5}.Release|Any CPU.ActiveCfg = Release|Any CPU
		{72EEE29D-B09A-464D-8B78-3841735FCDF5}.Release|Any CPU.Build.0 = Release|Any CPU
		{B63D6ADF-1B94-4CF5-AE79-168B599733B0}.Debug|Any CPU.ActiveCfg = Debug|Any CPU
		{B63D6ADF-1B94-4CF5-AE79-168B599733B0}.Debug|Any CPU.Build.0 = Debug|Any CPU
		{B63D6ADF-1B94-4CF5-AE79-168B599733B0}.Release|Any CPU.ActiveCfg = Release|Any CPU
		{B63D6ADF-1B94-4CF5-AE79-168B599733B0}.Release|Any CPU.Build.0 = Release|Any CPU
		{FE565E9F-03ED-4AE0-BA99-F0141075D469}.Debug|Any CPU.ActiveCfg = Debug|Any CPU
		{FE565E9F-03ED-4AE0-BA99-F0141075D469}.Debug|Any CPU.Build.0 = Debug|Any CPU
		{FE565E9F-03ED-4AE0-BA99-F0141075D469}.Release|Any CPU.ActiveCfg = Release|Any CPU
		{FE565E9F-03ED-4AE0-BA99-F0141075D469}.Release|Any CPU.Build.0 = Release|Any CPU
		{C61DD027-5B63-4821-A43D-47F0849EEC36}.Debug|Any CPU.ActiveCfg = Debug|Any CPU
		{C61DD027-5B63-4821-A43D-47F0849EEC36}.Debug|Any CPU.Build.0 = Debug|Any CPU
		{C61DD027-5B63-4821-A43D-47F0849EEC36}.Release|Any CPU.ActiveCfg = Release|Any CPU
		{C61DD027-5B63-4821-A43D-47F0849EEC36}.Release|Any CPU.Build.0 = Release|Any CPU
		{53A4F163-FA5A-4570-9938-C6E1C630E0B9}.Debug|Any CPU.ActiveCfg = Debug|Any CPU
		{53A4F163-FA5A-4570-9938-C6E1C630E0B9}.Debug|Any CPU.Build.0 = Debug|Any CPU
		{53A4F163-FA5A-4570-9938-C6E1C630E0B9}.Release|Any CPU.ActiveCfg = Release|Any CPU
		{53A4F163-FA5A-4570-9938-C6E1C630E0B9}.Release|Any CPU.Build.0 = Release|Any CPU
		{01F3661B-118E-49E2-92DB-209B5A4C4821}.Debug|Any CPU.ActiveCfg = Debug|Any CPU
		{01F3661B-118E-49E2-92DB-209B5A4C4821}.Debug|Any CPU.Build.0 = Debug|Any CPU
		{01F3661B-118E-49E2-92DB-209B5A4C4821}.Release|Any CPU.ActiveCfg = Release|Any CPU
		{01F3661B-118E-49E2-92DB-209B5A4C4821}.Release|Any CPU.Build.0 = Release|Any CPU
		{4FADC7BD-0073-4BBB-9C70-BB26D0DF8A05}.Debug|Any CPU.ActiveCfg = Debug|Any CPU
		{4FADC7BD-0073-4BBB-9C70-BB26D0DF8A05}.Debug|Any CPU.Build.0 = Debug|Any CPU
		{4FADC7BD-0073-4BBB-9C70-BB26D0DF8A05}.Release|Any CPU.ActiveCfg = Release|Any CPU
		{4FADC7BD-0073-4BBB-9C70-BB26D0DF8A05}.Release|Any CPU.Build.0 = Release|Any CPU
	EndGlobalSection
	GlobalSection(SolutionProperties) = preSolution
		HideSolutionNode = FALSE
	EndGlobalSection
	GlobalSection(ExtensibilityGlobals) = postSolution
		SolutionGuid = {D4869840-1319-4CFE-BA9C-7C17FFC10162}
	EndGlobalSection
EndGlobal
